// !$*UTF8*$!
{
	archiveVersion = 1;
	classes = {
	};
	objectVersion = 48;
	objects = {

/* Begin PBXBuildFile section */
		14C86F941D912DD0CD29F39D /* libPods-rxMVVMLeoiOS.a in Frameworks */ = {isa = PBXBuildFile; fileRef = E7B52D8C83708DD285AB2563 /* libPods-rxMVVMLeoiOS.a */; };
		2C0101CA2170BAB30062721B /* NSBezierPath.swift in Sources */ = {isa = PBXBuildFile; fileRef = 2C0101C92170BAB30062721B /* NSBezierPath.swift */; };
		2C1DAECF2057EF7B00B6CFCF /* TranslateViewModel.swift in Sources */ = {isa = PBXBuildFile; fileRef = 2C1DAECE2057EF7B00B6CFCF /* TranslateViewModel.swift */; };
		2C1ED3E8212338EC009108DF /* CustomNSTableView.swift in Sources */ = {isa = PBXBuildFile; fileRef = 2C1ED3E7212338EC009108DF /* CustomNSTableView.swift */; };
		2C328406212EF564002B444D /* NSSegmentedConrol+Rx.swift in Sources */ = {isa = PBXBuildFile; fileRef = 2C328405212EF564002B444D /* NSSegmentedConrol+Rx.swift */; };
		2C328407212EF564002B444D /* NSSegmentedConrol+Rx.swift in Sources */ = {isa = PBXBuildFile; fileRef = 2C328405212EF564002B444D /* NSSegmentedConrol+Rx.swift */; };
		2C333C18204D639800E133CD /* AppDelegate.swift in Sources */ = {isa = PBXBuildFile; fileRef = 2C333C17204D639800E133CD /* AppDelegate.swift */; };
		2C333C1A204D639800E133CD /* LoginViewController.swift in Sources */ = {isa = PBXBuildFile; fileRef = 2C333C19204D639800E133CD /* LoginViewController.swift */; };
		2C333C1C204D639800E133CD /* Assets.xcassets in Resources */ = {isa = PBXBuildFile; fileRef = 2C333C1B204D639800E133CD /* Assets.xcassets */; };
		2C333C1F204D639800E133CD /* Main.storyboard in Resources */ = {isa = PBXBuildFile; fileRef = 2C333C1D204D639800E133CD /* Main.storyboard */; };
		2C333C2C204D662500E133CD /* LoginViewModel.swift in Sources */ = {isa = PBXBuildFile; fileRef = 2C333C2B204D662500E133CD /* LoginViewModel.swift */; };
		2C333C2E204D664500E133CD /* LeoAPI.swift in Sources */ = {isa = PBXBuildFile; fileRef = 2C333C2D204D664500E133CD /* LeoAPI.swift */; };
		2C5857B520A3379200C2CA47 /* LeoAPIProtocol.swift in Sources */ = {isa = PBXBuildFile; fileRef = 2C5857B420A3379200C2CA47 /* LeoAPIProtocol.swift */; };
		2C64AAE920B846A90032E2AA /* NotificationCenter.framework in Frameworks */ = {isa = PBXBuildFile; fileRef = 2C64AAE820B846A90032E2AA /* NotificationCenter.framework */; };
		2C64AAEF20B846A90032E2AA /* TodayViewController.xib in Resources */ = {isa = PBXBuildFile; fileRef = 2C64AAED20B846A90032E2AA /* TodayViewController.xib */; };
		2C64AAF320B846A90032E2AA /* InfoPlist.strings in Resources */ = {isa = PBXBuildFile; fileRef = 2C64AAF120B846A90032E2AA /* InfoPlist.strings */; };
		2C64AAF720B846A90032E2AA /* rxMVVMLeoToday.appex in Embed App Extensions */ = {isa = PBXBuildFile; fileRef = 2C64AAE720B846A90032E2AA /* rxMVVMLeoToday.appex */; settings = {ATTRIBUTES = (RemoveHeadersOnCopy, ); }; };
		2C64AAFE20B865BE0032E2AA /* LeoAPIProtocol.swift in Sources */ = {isa = PBXBuildFile; fileRef = 2C5857B420A3379200C2CA47 /* LeoAPIProtocol.swift */; };
		2C7636BE2154F56C00ED94F3 /* CustomNSTextField.swift in Sources */ = {isa = PBXBuildFile; fileRef = 2C7636BD2154F56C00ED94F3 /* CustomNSTextField.swift */; };
		2C7636C0215620CB00ED94F3 /* CustomNSTextView.swift in Sources */ = {isa = PBXBuildFile; fileRef = 2C7636BF215620CB00ED94F3 /* CustomNSTextView.swift */; };
		2C765082214662B0002236D7 /* NSTextViewExtension.swift in Sources */ = {isa = PBXBuildFile; fileRef = 2C765081214662B0002236D7 /* NSTextViewExtension.swift */; };
		2C7BB01820BD31500083034F /* LeoAPI.swift in Sources */ = {isa = PBXBuildFile; fileRef = 2C333C2D204D664500E133CD /* LeoAPI.swift */; };
		2C7BB01920BD31530083034F /* LeoAPIProtocol.swift in Sources */ = {isa = PBXBuildFile; fileRef = 2C5857B420A3379200C2CA47 /* LeoAPIProtocol.swift */; };
		2C7BB01A20BD32B90083034F /* NSTextView+Rx.swift in Sources */ = {isa = PBXBuildFile; fileRef = 2C81C09620AC20F90071E96E /* NSTextView+Rx.swift */; };
		2C81C09720AC20F90071E96E /* NSTextView+Rx.swift in Sources */ = {isa = PBXBuildFile; fileRef = 2C81C09620AC20F90071E96E /* NSTextView+Rx.swift */; };
		2C864A08215B861C00C8EB48 /* TranslateTableViewCell.swift in Sources */ = {isa = PBXBuildFile; fileRef = 2C864A07215B861C00C8EB48 /* TranslateTableViewCell.swift */; };
		2C9E74F4210E1275007E429E /* UrbanAPI.swift in Sources */ = {isa = PBXBuildFile; fileRef = 2C9F5EBC210D9476007DAEF1 /* UrbanAPI.swift */; };
		2C9E74F5210E1289007E429E /* UrbanAPIProtocol.swift in Sources */ = {isa = PBXBuildFile; fileRef = 2C9F5EBA210D9466007DAEF1 /* UrbanAPIProtocol.swift */; };
		2C9F5EBB210D9466007DAEF1 /* UrbanAPIProtocol.swift in Sources */ = {isa = PBXBuildFile; fileRef = 2C9F5EBA210D9466007DAEF1 /* UrbanAPIProtocol.swift */; };
		2C9F5EBD210D9476007DAEF1 /* UrbanAPI.swift in Sources */ = {isa = PBXBuildFile; fileRef = 2C9F5EBC210D9476007DAEF1 /* UrbanAPI.swift */; };
		2CACEED32050512E009A1EEF /* TranslateViewController.swift in Sources */ = {isa = PBXBuildFile; fileRef = 2CACEED22050512E009A1EEF /* TranslateViewController.swift */; };
		2CB2875E2164E908003AD64D /* CustomNSSecureTextField.swift in Sources */ = {isa = PBXBuildFile; fileRef = 2CB2875D2164E908003AD64D /* CustomNSSecureTextField.swift */; };
		2CB58E3121736CAC0020A774 /* User.swift in Sources */ = {isa = PBXBuildFile; fileRef = 2CB58E3021736CAC0020A774 /* User.swift */; };
		2CB58E3221736CEC0020A774 /* User.swift in Sources */ = {isa = PBXBuildFile; fileRef = 2CB58E3021736CAC0020A774 /* User.swift */; };
		2CB58E3421736D930020A774 /* MainViewModel.swift in Sources */ = {isa = PBXBuildFile; fileRef = 2CB58E3321736D930020A774 /* MainViewModel.swift */; };
		2CB58E36217399510020A774 /* SendMail.swift in Sources */ = {isa = PBXBuildFile; fileRef = 2CB58E35217399510020A774 /* SendMail.swift */; };
		2CB58E3B2173A5150020A774 /* PF Din Mono Bold.otf in Resources */ = {isa = PBXBuildFile; fileRef = 2CB58E392173A33A0020A774 /* PF Din Mono Bold.otf */; };
		2CB58E3C2173A5180020A774 /* PF Din Mono.otf in Resources */ = {isa = PBXBuildFile; fileRef = 2CB58E3A2173A3560020A774 /* PF Din Mono.otf */; };
		2CB58E3D2173A51A0020A774 /* PF Din Mono Medium.otf in Resources */ = {isa = PBXBuildFile; fileRef = 2CB58E382173A3280020A774 /* PF Din Mono Medium.otf */; };
		2CBDA05B215928650022F39E /* Scene.swift in Sources */ = {isa = PBXBuildFile; fileRef = 2CBDA05A215928650022F39E /* Scene.swift */; };
		2CBDA05D215928750022F39E /* SceneCoordinatorType.swift in Sources */ = {isa = PBXBuildFile; fileRef = 2CBDA05C215928750022F39E /* SceneCoordinatorType.swift */; };
		2CBDA05F215928840022F39E /* SceneCoordinator.swift in Sources */ = {isa = PBXBuildFile; fileRef = 2CBDA05E215928840022F39E /* SceneCoordinator.swift */; };
		2CBDA061215928960022F39E /* Scene+ViewController.swift in Sources */ = {isa = PBXBuildFile; fileRef = 2CBDA060215928960022F39E /* Scene+ViewController.swift */; };
		2CBDA063215928A50022F39E /* SceneTransitionType.swift in Sources */ = {isa = PBXBuildFile; fileRef = 2CBDA062215928A50022F39E /* SceneTransitionType.swift */; };
		2CBDA06621592ED10022F39E /* TranslateViewController.swift in Sources */ = {isa = PBXBuildFile; fileRef = 2CBDA06521592ED10022F39E /* TranslateViewController.swift */; };
		2CBDA06821593F930022F39E /* BindableType.swift in Sources */ = {isa = PBXBuildFile; fileRef = 2CBDA06721593F930022F39E /* BindableType.swift */; };
		2CBDA069215940400022F39E /* UrbanAPIProtocol.swift in Sources */ = {isa = PBXBuildFile; fileRef = 2C9F5EBA210D9466007DAEF1 /* UrbanAPIProtocol.swift */; };
		2CBDA06A215940430022F39E /* UrbanAPI.swift in Sources */ = {isa = PBXBuildFile; fileRef = 2C9F5EBC210D9476007DAEF1 /* UrbanAPI.swift */; };
		2CBDA06C2159421D0022F39E /* LoginViewModel.swift in Sources */ = {isa = PBXBuildFile; fileRef = 2CBDA06B2159421D0022F39E /* LoginViewModel.swift */; };
		2CBDA06E215942400022F39E /* TranslateViewModel.swift in Sources */ = {isa = PBXBuildFile; fileRef = 2CBDA06D215942400022F39E /* TranslateViewModel.swift */; };
		2CC6FCB320BD2DFA00885892 /* TodayViewController.swift in Sources */ = {isa = PBXBuildFile; fileRef = 2C64AAEB20B846A90032E2AA /* TodayViewController.swift */; };
		2CC6FCB620BD2E4600885892 /* TranslateViewModel.swift in Sources */ = {isa = PBXBuildFile; fileRef = 2C1DAECE2057EF7B00B6CFCF /* TranslateViewModel.swift */; };
		2CCC1D81216346B600713DD7 /* Scene.swift in Sources */ = {isa = PBXBuildFile; fileRef = 2CCC1D80216346B600713DD7 /* Scene.swift */; };
		2CCC1D8321634E2F00713DD7 /* SceneCoordinatorType.swift in Sources */ = {isa = PBXBuildFile; fileRef = 2CCC1D8221634E2F00713DD7 /* SceneCoordinatorType.swift */; };
		2CCC1D8521634E3B00713DD7 /* SceneCoordinator.swift in Sources */ = {isa = PBXBuildFile; fileRef = 2CCC1D8421634E3B00713DD7 /* SceneCoordinator.swift */; };
		2CCC1D8721634E5200713DD7 /* Scene+ViewController.swift in Sources */ = {isa = PBXBuildFile; fileRef = 2CCC1D8621634E5200713DD7 /* Scene+ViewController.swift */; };
		2CCC1D8921634E6100713DD7 /* SceneTransitionType.swift in Sources */ = {isa = PBXBuildFile; fileRef = 2CCC1D8821634E6100713DD7 /* SceneTransitionType.swift */; };
		2CFFB53B204DBFDE007A816C /* AppDelegate.swift in Sources */ = {isa = PBXBuildFile; fileRef = 2CFFB53A204DBFDE007A816C /* AppDelegate.swift */; };
		2CFFB53D204DBFDE007A816C /* LoginViewController.swift in Sources */ = {isa = PBXBuildFile; fileRef = 2CFFB53C204DBFDE007A816C /* LoginViewController.swift */; };
		2CFFB540204DBFDE007A816C /* Main.storyboard in Resources */ = {isa = PBXBuildFile; fileRef = 2CFFB53E204DBFDE007A816C /* Main.storyboard */; };
		2CFFB542204DBFDE007A816C /* Assets.xcassets in Resources */ = {isa = PBXBuildFile; fileRef = 2CFFB541204DBFDE007A816C /* Assets.xcassets */; };
		2CFFB545204DBFDE007A816C /* LaunchScreen.storyboard in Resources */ = {isa = PBXBuildFile; fileRef = 2CFFB543204DBFDE007A816C /* LaunchScreen.storyboard */; };
		2CFFB54B204DC18C007A816C /* LeoAPI.swift in Sources */ = {isa = PBXBuildFile; fileRef = 2C333C2D204D664500E133CD /* LeoAPI.swift */; };
		42716A6BF6B07BCB60698BCB /* libPods-rxMVVMLeoToday.a in Frameworks */ = {isa = PBXBuildFile; fileRef = 421C68A82745AC44A44460D2 /* libPods-rxMVVMLeoToday.a */; };
		B6EACAEA0D1BAE3F74574581 /* libPods-rxMVVMLeo.a in Frameworks */ = {isa = PBXBuildFile; fileRef = 9D502289DD58B5DE8D608001 /* libPods-rxMVVMLeo.a */; };
/* End PBXBuildFile section */

/* Begin PBXContainerItemProxy section */
		2C64AAF520B846A90032E2AA /* PBXContainerItemProxy */ = {
			isa = PBXContainerItemProxy;
			containerPortal = 2C333C0C204D639800E133CD /* Project object */;
			proxyType = 1;
			remoteGlobalIDString = 2C64AAE620B846A90032E2AA;
			remoteInfo = rxMVVMLeoToday;
		};
/* End PBXContainerItemProxy section */

/* Begin PBXCopyFilesBuildPhase section */
		2C64AAFB20B846A90032E2AA /* Embed App Extensions */ = {
			isa = PBXCopyFilesBuildPhase;
			buildActionMask = 2147483647;
			dstPath = "";
			dstSubfolderSpec = 13;
			files = (
				2C64AAF720B846A90032E2AA /* rxMVVMLeoToday.appex in Embed App Extensions */,
			);
			name = "Embed App Extensions";
			runOnlyForDeploymentPostprocessing = 0;
		};
/* End PBXCopyFilesBuildPhase section */

/* Begin PBXFileReference section */
		0DC1891712A1F013C92C2477 /* Pods-rxMVVMLeoToday.debug.xcconfig */ = {isa = PBXFileReference; includeInIndex = 1; lastKnownFileType = text.xcconfig; name = "Pods-rxMVVMLeoToday.debug.xcconfig"; path = "Pods/Target Support Files/Pods-rxMVVMLeoToday/Pods-rxMVVMLeoToday.debug.xcconfig"; sourceTree = "<group>"; };
		2C0101C92170BAB30062721B /* NSBezierPath.swift */ = {isa = PBXFileReference; lastKnownFileType = sourcecode.swift; path = NSBezierPath.swift; sourceTree = "<group>"; };
		2C1DAECE2057EF7B00B6CFCF /* TranslateViewModel.swift */ = {isa = PBXFileReference; lastKnownFileType = sourcecode.swift; path = TranslateViewModel.swift; sourceTree = "<group>"; };
		2C1ED3E7212338EC009108DF /* CustomNSTableView.swift */ = {isa = PBXFileReference; lastKnownFileType = sourcecode.swift; path = CustomNSTableView.swift; sourceTree = "<group>"; };
		2C328405212EF564002B444D /* NSSegmentedConrol+Rx.swift */ = {isa = PBXFileReference; lastKnownFileType = sourcecode.swift; path = "NSSegmentedConrol+Rx.swift"; sourceTree = "<group>"; };
		2C333C14204D639800E133CD /* rxMVVMLeo.app */ = {isa = PBXFileReference; explicitFileType = wrapper.application; includeInIndex = 0; path = rxMVVMLeo.app; sourceTree = BUILT_PRODUCTS_DIR; };
		2C333C17204D639800E133CD /* AppDelegate.swift */ = {isa = PBXFileReference; lastKnownFileType = sourcecode.swift; path = AppDelegate.swift; sourceTree = "<group>"; };
		2C333C19204D639800E133CD /* LoginViewController.swift */ = {isa = PBXFileReference; lastKnownFileType = sourcecode.swift; path = LoginViewController.swift; sourceTree = "<group>"; };
		2C333C1B204D639800E133CD /* Assets.xcassets */ = {isa = PBXFileReference; lastKnownFileType = folder.assetcatalog; path = Assets.xcassets; sourceTree = "<group>"; };
		2C333C1E204D639800E133CD /* Base */ = {isa = PBXFileReference; lastKnownFileType = file.storyboard; name = Base; path = Base.lproj/Main.storyboard; sourceTree = "<group>"; };
		2C333C20204D639800E133CD /* Info.plist */ = {isa = PBXFileReference; lastKnownFileType = text.plist.xml; path = Info.plist; sourceTree = "<group>"; };
		2C333C21204D639800E133CD /* rxMVVMLeo.entitlements */ = {isa = PBXFileReference; lastKnownFileType = text.plist.entitlements; path = rxMVVMLeo.entitlements; sourceTree = "<group>"; };
		2C333C2B204D662500E133CD /* LoginViewModel.swift */ = {isa = PBXFileReference; lastKnownFileType = sourcecode.swift; path = LoginViewModel.swift; sourceTree = "<group>"; };
		2C333C2D204D664500E133CD /* LeoAPI.swift */ = {isa = PBXFileReference; lastKnownFileType = sourcecode.swift; path = LeoAPI.swift; sourceTree = "<group>"; };
		2C4D92882165F09D0083DF07 /* ncButton.png */ = {isa = PBXFileReference; lastKnownFileType = image.png; path = ncButton.png; sourceTree = "<group>"; };
		2C4D92892165F2CD0083DF07 /* menuBarWithoutButton.png */ = {isa = PBXFileReference; lastKnownFileType = image.png; path = menuBarWithoutButton.png; sourceTree = "<group>"; };
		2C5857B420A3379200C2CA47 /* LeoAPIProtocol.swift */ = {isa = PBXFileReference; lastKnownFileType = sourcecode.swift; path = LeoAPIProtocol.swift; sourceTree = "<group>"; };
		2C64AAE720B846A90032E2AA /* rxMVVMLeoToday.appex */ = {isa = PBXFileReference; explicitFileType = "wrapper.app-extension"; includeInIndex = 0; path = rxMVVMLeoToday.appex; sourceTree = BUILT_PRODUCTS_DIR; };
		2C64AAE820B846A90032E2AA /* NotificationCenter.framework */ = {isa = PBXFileReference; lastKnownFileType = wrapper.framework; name = NotificationCenter.framework; path = System/Library/Frameworks/NotificationCenter.framework; sourceTree = SDKROOT; };
		2C64AAEB20B846A90032E2AA /* TodayViewController.swift */ = {isa = PBXFileReference; lastKnownFileType = sourcecode.swift; path = TodayViewController.swift; sourceTree = "<group>"; };
		2C64AAEE20B846A90032E2AA /* Base */ = {isa = PBXFileReference; lastKnownFileType = file.xib; name = Base; path = Base.lproj/TodayViewController.xib; sourceTree = "<group>"; };
		2C64AAF020B846A90032E2AA /* Info.plist */ = {isa = PBXFileReference; lastKnownFileType = text.plist.xml; path = Info.plist; sourceTree = "<group>"; };
		2C64AAF220B846A90032E2AA /* en */ = {isa = PBXFileReference; lastKnownFileType = text.plist.strings; name = en; path = en.lproj/InfoPlist.strings; sourceTree = "<group>"; };
		2C64AAF420B846A90032E2AA /* rxMVVMLeoToday.entitlements */ = {isa = PBXFileReference; lastKnownFileType = text.plist.entitlements; path = rxMVVMLeoToday.entitlements; sourceTree = "<group>"; };
		2C7636BD2154F56C00ED94F3 /* CustomNSTextField.swift */ = {isa = PBXFileReference; lastKnownFileType = sourcecode.swift; path = CustomNSTextField.swift; sourceTree = "<group>"; };
		2C7636BF215620CB00ED94F3 /* CustomNSTextView.swift */ = {isa = PBXFileReference; lastKnownFileType = sourcecode.swift; path = CustomNSTextView.swift; sourceTree = "<group>"; };
		2C765081214662B0002236D7 /* NSTextViewExtension.swift */ = {isa = PBXFileReference; lastKnownFileType = sourcecode.swift; path = NSTextViewExtension.swift; sourceTree = "<group>"; };
		2C81C09620AC20F90071E96E /* NSTextView+Rx.swift */ = {isa = PBXFileReference; lastKnownFileType = sourcecode.swift; path = "NSTextView+Rx.swift"; sourceTree = "<group>"; };
		2C864A07215B861C00C8EB48 /* TranslateTableViewCell.swift */ = {isa = PBXFileReference; lastKnownFileType = sourcecode.swift; path = TranslateTableViewCell.swift; sourceTree = "<group>"; };
		2C9F5EBA210D9466007DAEF1 /* UrbanAPIProtocol.swift */ = {isa = PBXFileReference; lastKnownFileType = sourcecode.swift; path = UrbanAPIProtocol.swift; sourceTree = "<group>"; };
		2C9F5EBC210D9476007DAEF1 /* UrbanAPI.swift */ = {isa = PBXFileReference; lastKnownFileType = sourcecode.swift; path = UrbanAPI.swift; sourceTree = "<group>"; };
		2CAA82962163595E0010B35B /* menubar.png */ = {isa = PBXFileReference; lastKnownFileType = image.png; path = menubar.png; sourceTree = "<group>"; };
		2CAA8297216359660010B35B /* notificationcenter.png */ = {isa = PBXFileReference; lastKnownFileType = image.png; path = notificationcenter.png; sourceTree = "<group>"; };
		2CACEED22050512E009A1EEF /* TranslateViewController.swift */ = {isa = PBXFileReference; lastKnownFileType = sourcecode.swift; path = TranslateViewController.swift; sourceTree = "<group>"; };
		2CB2875D2164E908003AD64D /* CustomNSSecureTextField.swift */ = {isa = PBXFileReference; lastKnownFileType = sourcecode.swift; path = CustomNSSecureTextField.swift; sourceTree = "<group>"; };
		2CB58E3021736CAC0020A774 /* User.swift */ = {isa = PBXFileReference; lastKnownFileType = sourcecode.swift; path = User.swift; sourceTree = "<group>"; };
		2CB58E3321736D930020A774 /* MainViewModel.swift */ = {isa = PBXFileReference; lastKnownFileType = sourcecode.swift; path = MainViewModel.swift; sourceTree = "<group>"; };
		2CB58E35217399510020A774 /* SendMail.swift */ = {isa = PBXFileReference; lastKnownFileType = sourcecode.swift; path = SendMail.swift; sourceTree = "<group>"; };
		2CB58E382173A3280020A774 /* PF Din Mono Medium.otf */ = {isa = PBXFileReference; lastKnownFileType = file; path = "PF Din Mono Medium.otf"; sourceTree = "<group>"; };
		2CB58E392173A33A0020A774 /* PF Din Mono Bold.otf */ = {isa = PBXFileReference; lastKnownFileType = file; path = "PF Din Mono Bold.otf"; sourceTree = "<group>"; };
		2CB58E3A2173A3560020A774 /* PF Din Mono.otf */ = {isa = PBXFileReference; lastKnownFileType = file; path = "PF Din Mono.otf"; sourceTree = "<group>"; };
		2CBDA05A215928650022F39E /* Scene.swift */ = {isa = PBXFileReference; lastKnownFileType = sourcecode.swift; path = Scene.swift; sourceTree = "<group>"; };
		2CBDA05C215928750022F39E /* SceneCoordinatorType.swift */ = {isa = PBXFileReference; lastKnownFileType = sourcecode.swift; path = SceneCoordinatorType.swift; sourceTree = "<group>"; };
		2CBDA05E215928840022F39E /* SceneCoordinator.swift */ = {isa = PBXFileReference; lastKnownFileType = sourcecode.swift; path = SceneCoordinator.swift; sourceTree = "<group>"; };
		2CBDA060215928960022F39E /* Scene+ViewController.swift */ = {isa = PBXFileReference; lastKnownFileType = sourcecode.swift; path = "Scene+ViewController.swift"; sourceTree = "<group>"; };
		2CBDA062215928A50022F39E /* SceneTransitionType.swift */ = {isa = PBXFileReference; lastKnownFileType = sourcecode.swift; path = SceneTransitionType.swift; sourceTree = "<group>"; };
		2CBDA06521592ED10022F39E /* TranslateViewController.swift */ = {isa = PBXFileReference; lastKnownFileType = sourcecode.swift; path = TranslateViewController.swift; sourceTree = "<group>"; };
		2CBDA06721593F930022F39E /* BindableType.swift */ = {isa = PBXFileReference; lastKnownFileType = sourcecode.swift; path = BindableType.swift; sourceTree = "<group>"; };
		2CBDA06B2159421D0022F39E /* LoginViewModel.swift */ = {isa = PBXFileReference; lastKnownFileType = sourcecode.swift; path = LoginViewModel.swift; sourceTree = "<group>"; };
		2CBDA06D215942400022F39E /* TranslateViewModel.swift */ = {isa = PBXFileReference; lastKnownFileType = sourcecode.swift; path = TranslateViewModel.swift; sourceTree = "<group>"; };
		2CCC1D80216346B600713DD7 /* Scene.swift */ = {isa = PBXFileReference; lastKnownFileType = sourcecode.swift; path = Scene.swift; sourceTree = "<group>"; };
		2CCC1D8221634E2F00713DD7 /* SceneCoordinatorType.swift */ = {isa = PBXFileReference; lastKnownFileType = sourcecode.swift; path = SceneCoordinatorType.swift; sourceTree = "<group>"; };
		2CCC1D8421634E3B00713DD7 /* SceneCoordinator.swift */ = {isa = PBXFileReference; lastKnownFileType = sourcecode.swift; path = SceneCoordinator.swift; sourceTree = "<group>"; };
		2CCC1D8621634E5200713DD7 /* Scene+ViewController.swift */ = {isa = PBXFileReference; lastKnownFileType = sourcecode.swift; path = "Scene+ViewController.swift"; sourceTree = "<group>"; };
		2CCC1D8821634E6100713DD7 /* SceneTransitionType.swift */ = {isa = PBXFileReference; lastKnownFileType = sourcecode.swift; path = SceneTransitionType.swift; sourceTree = "<group>"; };
		2CFFB538204DBFDE007A816C /* rxMVVMLeoiOS.app */ = {isa = PBXFileReference; explicitFileType = wrapper.application; includeInIndex = 0; path = rxMVVMLeoiOS.app; sourceTree = BUILT_PRODUCTS_DIR; };
		2CFFB53A204DBFDE007A816C /* AppDelegate.swift */ = {isa = PBXFileReference; lastKnownFileType = sourcecode.swift; path = AppDelegate.swift; sourceTree = "<group>"; };
		2CFFB53C204DBFDE007A816C /* LoginViewController.swift */ = {isa = PBXFileReference; lastKnownFileType = sourcecode.swift; path = LoginViewController.swift; sourceTree = "<group>"; };
		2CFFB53F204DBFDE007A816C /* Base */ = {isa = PBXFileReference; lastKnownFileType = file.storyboard; name = Base; path = Base.lproj/Main.storyboard; sourceTree = "<group>"; };
		2CFFB541204DBFDE007A816C /* Assets.xcassets */ = {isa = PBXFileReference; lastKnownFileType = folder.assetcatalog; path = Assets.xcassets; sourceTree = "<group>"; };
		2CFFB544204DBFDE007A816C /* Base */ = {isa = PBXFileReference; lastKnownFileType = file.storyboard; name = Base; path = Base.lproj/LaunchScreen.storyboard; sourceTree = "<group>"; };
		2CFFB546204DBFDE007A816C /* Info.plist */ = {isa = PBXFileReference; lastKnownFileType = text.plist.xml; path = Info.plist; sourceTree = "<group>"; };
		421C68A82745AC44A44460D2 /* libPods-rxMVVMLeoToday.a */ = {isa = PBXFileReference; explicitFileType = archive.ar; includeInIndex = 0; path = "libPods-rxMVVMLeoToday.a"; sourceTree = BUILT_PRODUCTS_DIR; };
		46C041E4D68A4B54A716B86B /* Pods-rxMVVMLeoiOS.release.xcconfig */ = {isa = PBXFileReference; includeInIndex = 1; lastKnownFileType = text.xcconfig; name = "Pods-rxMVVMLeoiOS.release.xcconfig"; path = "Pods/Target Support Files/Pods-rxMVVMLeoiOS/Pods-rxMVVMLeoiOS.release.xcconfig"; sourceTree = "<group>"; };
		9B586A8A232C7D65D18D6E8F /* Pods-rxMVVMLeo.debug.xcconfig */ = {isa = PBXFileReference; includeInIndex = 1; lastKnownFileType = text.xcconfig; name = "Pods-rxMVVMLeo.debug.xcconfig"; path = "Pods/Target Support Files/Pods-rxMVVMLeo/Pods-rxMVVMLeo.debug.xcconfig"; sourceTree = "<group>"; };
		9D502289DD58B5DE8D608001 /* libPods-rxMVVMLeo.a */ = {isa = PBXFileReference; explicitFileType = archive.ar; includeInIndex = 0; path = "libPods-rxMVVMLeo.a"; sourceTree = BUILT_PRODUCTS_DIR; };
		A4070F47096ADEF00DA6CC7B /* Pods-rxMVVMLeoiOS.debug.xcconfig */ = {isa = PBXFileReference; includeInIndex = 1; lastKnownFileType = text.xcconfig; name = "Pods-rxMVVMLeoiOS.debug.xcconfig"; path = "Pods/Target Support Files/Pods-rxMVVMLeoiOS/Pods-rxMVVMLeoiOS.debug.xcconfig"; sourceTree = "<group>"; };
		AFB97AB96A76B04FB245C47A /* Pods-rxMVVMLeoToday.release.xcconfig */ = {isa = PBXFileReference; includeInIndex = 1; lastKnownFileType = text.xcconfig; name = "Pods-rxMVVMLeoToday.release.xcconfig"; path = "Pods/Target Support Files/Pods-rxMVVMLeoToday/Pods-rxMVVMLeoToday.release.xcconfig"; sourceTree = "<group>"; };
		E7B52D8C83708DD285AB2563 /* libPods-rxMVVMLeoiOS.a */ = {isa = PBXFileReference; explicitFileType = archive.ar; includeInIndex = 0; path = "libPods-rxMVVMLeoiOS.a"; sourceTree = BUILT_PRODUCTS_DIR; };
		E7CCA9DF330856B06F0BE9A9 /* Pods-rxMVVMLeo.release.xcconfig */ = {isa = PBXFileReference; includeInIndex = 1; lastKnownFileType = text.xcconfig; name = "Pods-rxMVVMLeo.release.xcconfig"; path = "Pods/Target Support Files/Pods-rxMVVMLeo/Pods-rxMVVMLeo.release.xcconfig"; sourceTree = "<group>"; };
/* End PBXFileReference section */

/* Begin PBXFrameworksBuildPhase section */
		2C333C11204D639800E133CD /* Frameworks */ = {
			isa = PBXFrameworksBuildPhase;
			buildActionMask = 2147483647;
			files = (
				B6EACAEA0D1BAE3F74574581 /* libPods-rxMVVMLeo.a in Frameworks */,
			);
			runOnlyForDeploymentPostprocessing = 0;
		};
		2C64AAE420B846A90032E2AA /* Frameworks */ = {
			isa = PBXFrameworksBuildPhase;
			buildActionMask = 2147483647;
			files = (
				2C64AAE920B846A90032E2AA /* NotificationCenter.framework in Frameworks */,
				42716A6BF6B07BCB60698BCB /* libPods-rxMVVMLeoToday.a in Frameworks */,
			);
			runOnlyForDeploymentPostprocessing = 0;
		};
		2CFFB535204DBFDE007A816C /* Frameworks */ = {
			isa = PBXFrameworksBuildPhase;
			buildActionMask = 2147483647;
			files = (
				14C86F941D912DD0CD29F39D /* libPods-rxMVVMLeoiOS.a in Frameworks */,
			);
			runOnlyForDeploymentPostprocessing = 0;
		};
/* End PBXFrameworksBuildPhase section */

/* Begin PBXGroup section */
		2C1CCCDF215A19BB00D37289 /* View Controllers */ = {
			isa = PBXGroup;
			children = (
				2CFFB53C204DBFDE007A816C /* LoginViewController.swift */,
				2CBDA06521592ED10022F39E /* TranslateViewController.swift */,
			);
			path = "View Controllers";
			sourceTree = "<group>";
		};
		2C1CCCE0215A19C900D37289 /* View Models */ = {
			isa = PBXGroup;
			children = (
				2CBDA06B2159421D0022F39E /* LoginViewModel.swift */,
				2CBDA06D215942400022F39E /* TranslateViewModel.swift */,
			);
			path = "View Models";
			sourceTree = "<group>";
		};
		2C333C0B204D639800E133CD = {
			isa = PBXGroup;
			children = (
				2C333C16204D639800E133CD /* rxMVVMLeo */,
				2CFFB539204DBFDE007A816C /* rxMVVMLeoiOS */,
				2C64AAEA20B846A90032E2AA /* rxMVVMLeoToday */,
				2C333C15204D639800E133CD /* Products */,
				CB7907A00E5AFE12846E3AFB /* Pods */,
				64137FE072A7B6C90ECA9FD8 /* Frameworks */,
			);
			sourceTree = "<group>";
		};
		2C333C15204D639800E133CD /* Products */ = {
			isa = PBXGroup;
			children = (
				2C333C14204D639800E133CD /* rxMVVMLeo.app */,
				2CFFB538204DBFDE007A816C /* rxMVVMLeoiOS.app */,
				2C64AAE720B846A90032E2AA /* rxMVVMLeoToday.appex */,
			);
			name = Products;
			sourceTree = "<group>";
		};
		2C333C16204D639800E133CD /* rxMVVMLeo */ = {
			isa = PBXGroup;
			children = (
				2CB58E2F21736C980020A774 /* Models */,
				2CCC1D7F2163469C00713DD7 /* Scenes */,
				2C7636BC2154F53200ED94F3 /* Subclasses */,
				2C821A86210B909E00A20D9D /* Urban API */,
				2C333C28204D654A00E133CD /* Leo API */,
				2C81C09520AC20E40071E96E /* Extensions */,
				2C333C29204D655B00E133CD /* View Controllers */,
				2C333C27204D653A00E133CD /* View Model */,
				2C333C1D204D639800E133CD /* Main.storyboard */,
				2C333C2A204D656800E133CD /* Supporting Files */,
			);
			path = rxMVVMLeo;
			sourceTree = "<group>";
		};
		2C333C27204D653A00E133CD /* View Model */ = {
			isa = PBXGroup;
			children = (
				2C333C2B204D662500E133CD /* LoginViewModel.swift */,
				2C1DAECE2057EF7B00B6CFCF /* TranslateViewModel.swift */,
				2CB58E3321736D930020A774 /* MainViewModel.swift */,
			);
			path = "View Model";
			sourceTree = "<group>";
		};
		2C333C28204D654A00E133CD /* Leo API */ = {
			isa = PBXGroup;
			children = (
				2C5857B420A3379200C2CA47 /* LeoAPIProtocol.swift */,
				2C333C2D204D664500E133CD /* LeoAPI.swift */,
			);
			path = "Leo API";
			sourceTree = "<group>";
		};
		2C333C29204D655B00E133CD /* View Controllers */ = {
			isa = PBXGroup;
			children = (
				2C333C19204D639800E133CD /* LoginViewController.swift */,
				2CACEED22050512E009A1EEF /* TranslateViewController.swift */,
			);
			path = "View Controllers";
			sourceTree = "<group>";
		};
		2C333C2A204D656800E133CD /* Supporting Files */ = {
			isa = PBXGroup;
			children = (
				2CB58E372173A2D60020A774 /* Fonts */,
				2CAA82962163595E0010B35B /* menubar.png */,
				2C4D92892165F2CD0083DF07 /* menuBarWithoutButton.png */,
				2C4D92882165F09D0083DF07 /* ncButton.png */,
				2CAA8297216359660010B35B /* notificationcenter.png */,
				2C333C1B204D639800E133CD /* Assets.xcassets */,
				2C333C21204D639800E133CD /* rxMVVMLeo.entitlements */,
				2C333C20204D639800E133CD /* Info.plist */,
				2C333C17204D639800E133CD /* AppDelegate.swift */,
				2CB58E35217399510020A774 /* SendMail.swift */,
			);
			path = "Supporting Files";
			sourceTree = "<group>";
		};
		2C64AAEA20B846A90032E2AA /* rxMVVMLeoToday */ = {
			isa = PBXGroup;
			children = (
				2C64AAEB20B846A90032E2AA /* TodayViewController.swift */,
				2C1ED3E7212338EC009108DF /* CustomNSTableView.swift */,
				2C64AAED20B846A90032E2AA /* TodayViewController.xib */,
				2C64AAF020B846A90032E2AA /* Info.plist */,
				2C64AAF120B846A90032E2AA /* InfoPlist.strings */,
				2C64AAF420B846A90032E2AA /* rxMVVMLeoToday.entitlements */,
			);
			path = rxMVVMLeoToday;
			sourceTree = "<group>";
		};
		2C7636BC2154F53200ED94F3 /* Subclasses */ = {
			isa = PBXGroup;
			children = (
				2C7636BD2154F56C00ED94F3 /* CustomNSTextField.swift */,
				2C7636BF215620CB00ED94F3 /* CustomNSTextView.swift */,
				2CB2875D2164E908003AD64D /* CustomNSSecureTextField.swift */,
			);
			path = Subclasses;
			sourceTree = "<group>";
		};
		2C81C09520AC20E40071E96E /* Extensions */ = {
			isa = PBXGroup;
			children = (
				2C81C09620AC20F90071E96E /* NSTextView+Rx.swift */,
				2C328405212EF564002B444D /* NSSegmentedConrol+Rx.swift */,
				2C765081214662B0002236D7 /* NSTextViewExtension.swift */,
				2C0101C92170BAB30062721B /* NSBezierPath.swift */,
			);
			path = Extensions;
			sourceTree = "<group>";
		};
		2C821A86210B909E00A20D9D /* Urban API */ = {
			isa = PBXGroup;
			children = (
				2C9F5EBA210D9466007DAEF1 /* UrbanAPIProtocol.swift */,
				2C9F5EBC210D9476007DAEF1 /* UrbanAPI.swift */,
			);
			path = "Urban API";
			sourceTree = "<group>";
		};
		2CB58E2F21736C980020A774 /* Models */ = {
			isa = PBXGroup;
			children = (
				2CB58E3021736CAC0020A774 /* User.swift */,
			);
			path = Models;
			sourceTree = "<group>";
		};
		2CB58E372173A2D60020A774 /* Fonts */ = {
			isa = PBXGroup;
			children = (
				2CB58E382173A3280020A774 /* PF Din Mono Medium.otf */,
				2CB58E3A2173A3560020A774 /* PF Din Mono.otf */,
				2CB58E392173A33A0020A774 /* PF Din Mono Bold.otf */,
			);
			path = Fonts;
			sourceTree = "<group>";
		};
		2CBDA0592159284E0022F39E /* Scene */ = {
			isa = PBXGroup;
			children = (
				2CBDA05A215928650022F39E /* Scene.swift */,
				2CBDA05C215928750022F39E /* SceneCoordinatorType.swift */,
				2CBDA05E215928840022F39E /* SceneCoordinator.swift */,
				2CBDA060215928960022F39E /* Scene+ViewController.swift */,
				2CBDA062215928A50022F39E /* SceneTransitionType.swift */,
			);
			path = Scene;
			sourceTree = "<group>";
		};
		2CCC1D7F2163469C00713DD7 /* Scenes */ = {
			isa = PBXGroup;
			children = (
				2CCC1D80216346B600713DD7 /* Scene.swift */,
				2CCC1D8221634E2F00713DD7 /* SceneCoordinatorType.swift */,
				2CCC1D8421634E3B00713DD7 /* SceneCoordinator.swift */,
				2CCC1D8621634E5200713DD7 /* Scene+ViewController.swift */,
				2CCC1D8821634E6100713DD7 /* SceneTransitionType.swift */,
			);
			path = Scenes;
			sourceTree = "<group>";
		};
		2CFFB539204DBFDE007A816C /* rxMVVMLeoiOS */ = {
			isa = PBXGroup;
			children = (
				2C1CCCE0215A19C900D37289 /* View Models */,
				2C1CCCDF215A19BB00D37289 /* View Controllers */,
				2CBDA0592159284E0022F39E /* Scene */,
				2CFFB53A204DBFDE007A816C /* AppDelegate.swift */,
				2CFFB53E204DBFDE007A816C /* Main.storyboard */,
				2CFFB541204DBFDE007A816C /* Assets.xcassets */,
				2CFFB543204DBFDE007A816C /* LaunchScreen.storyboard */,
				2CFFB546204DBFDE007A816C /* Info.plist */,
				2CBDA06721593F930022F39E /* BindableType.swift */,
				2C864A07215B861C00C8EB48 /* TranslateTableViewCell.swift */,
			);
			path = rxMVVMLeoiOS;
			sourceTree = "<group>";
		};
		64137FE072A7B6C90ECA9FD8 /* Frameworks */ = {
			isa = PBXGroup;
			children = (
				2C64AAE820B846A90032E2AA /* NotificationCenter.framework */,
				9D502289DD58B5DE8D608001 /* libPods-rxMVVMLeo.a */,
				421C68A82745AC44A44460D2 /* libPods-rxMVVMLeoToday.a */,
				E7B52D8C83708DD285AB2563 /* libPods-rxMVVMLeoiOS.a */,
			);
			name = Frameworks;
			sourceTree = "<group>";
		};
		CB7907A00E5AFE12846E3AFB /* Pods */ = {
			isa = PBXGroup;
			children = (
				9B586A8A232C7D65D18D6E8F /* Pods-rxMVVMLeo.debug.xcconfig */,
				E7CCA9DF330856B06F0BE9A9 /* Pods-rxMVVMLeo.release.xcconfig */,
				A4070F47096ADEF00DA6CC7B /* Pods-rxMVVMLeoiOS.debug.xcconfig */,
				46C041E4D68A4B54A716B86B /* Pods-rxMVVMLeoiOS.release.xcconfig */,
				0DC1891712A1F013C92C2477 /* Pods-rxMVVMLeoToday.debug.xcconfig */,
				AFB97AB96A76B04FB245C47A /* Pods-rxMVVMLeoToday.release.xcconfig */,
			);
			name = Pods;
			sourceTree = "<group>";
		};
/* End PBXGroup section */

/* Begin PBXNativeTarget section */
		2C333C13204D639800E133CD /* rxMVVMLeo */ = {
			isa = PBXNativeTarget;
			buildConfigurationList = 2C333C24204D639800E133CD /* Build configuration list for PBXNativeTarget "rxMVVMLeo" */;
			buildPhases = (
				6C0489C45B9697CB4F9E1F59 /* [CP] Check Pods Manifest.lock */,
				2C333C10204D639800E133CD /* Sources */,
				2C333C11204D639800E133CD /* Frameworks */,
				2C333C12204D639800E133CD /* Resources */,
				2C64AAFB20B846A90032E2AA /* Embed App Extensions */,
			);
			buildRules = (
			);
			dependencies = (
				2C64AAF620B846A90032E2AA /* PBXTargetDependency */,
			);
			name = rxMVVMLeo;
			productName = rxMVVMLeo;
			productReference = 2C333C14204D639800E133CD /* rxMVVMLeo.app */;
			productType = "com.apple.product-type.application";
		};
		2C64AAE620B846A90032E2AA /* rxMVVMLeoToday */ = {
			isa = PBXNativeTarget;
			buildConfigurationList = 2C64AAF820B846A90032E2AA /* Build configuration list for PBXNativeTarget "rxMVVMLeoToday" */;
			buildPhases = (
				80ACF7EBE102280F53734ADF /* [CP] Check Pods Manifest.lock */,
				2C64AAE320B846A90032E2AA /* Sources */,
				2C64AAE420B846A90032E2AA /* Frameworks */,
				2C64AAE520B846A90032E2AA /* Resources */,
			);
			buildRules = (
			);
			dependencies = (
			);
			name = rxMVVMLeoToday;
			productName = rxMVVMLeoToday;
			productReference = 2C64AAE720B846A90032E2AA /* rxMVVMLeoToday.appex */;
			productType = "com.apple.product-type.app-extension";
		};
		2CFFB537204DBFDE007A816C /* rxMVVMLeoiOS */ = {
			isa = PBXNativeTarget;
			buildConfigurationList = 2CFFB547204DBFDE007A816C /* Build configuration list for PBXNativeTarget "rxMVVMLeoiOS" */;
			buildPhases = (
				224BC2A077739EDEE5191A18 /* [CP] Check Pods Manifest.lock */,
				2CFFB534204DBFDE007A816C /* Sources */,
				2CFFB535204DBFDE007A816C /* Frameworks */,
				2CFFB536204DBFDE007A816C /* Resources */,
			);
			buildRules = (
			);
			dependencies = (
			);
			name = rxMVVMLeoiOS;
			productName = rxMVVMLeoiOS;
			productReference = 2CFFB538204DBFDE007A816C /* rxMVVMLeoiOS.app */;
			productType = "com.apple.product-type.application";
		};
/* End PBXNativeTarget section */

/* Begin PBXProject section */
		2C333C0C204D639800E133CD /* Project object */ = {
			isa = PBXProject;
			attributes = {
				LastSwiftUpdateCheck = 0900;
				LastUpgradeCheck = 0900;
				ORGANIZATIONNAME = "Ivan ";
				TargetAttributes = {
					2C333C13204D639800E133CD = {
						CreatedOnToolsVersion = 9.0;
						ProvisioningStyle = Automatic;
						SystemCapabilities = {
							com.apple.ApplicationGroups.Mac = {
								enabled = 1;
							};
							com.apple.Sandbox = {
								enabled = 0;
							};
						};
					};
					2C64AAE620B846A90032E2AA = {
						CreatedOnToolsVersion = 9.0;
						ProvisioningStyle = Automatic;
						SystemCapabilities = {
							com.apple.ApplicationGroups.Mac = {
								enabled = 1;
							};
							com.apple.Sandbox = {
								enabled = 1;
							};
						};
					};
					2CFFB537204DBFDE007A816C = {
						CreatedOnToolsVersion = 9.0;
						ProvisioningStyle = Automatic;
					};
				};
			};
			buildConfigurationList = 2C333C0F204D639800E133CD /* Build configuration list for PBXProject "rxMVVMLeo" */;
			compatibilityVersion = "Xcode 8.0";
			developmentRegion = en;
			hasScannedForEncodings = 0;
			knownRegions = (
				en,
				Base,
			);
			mainGroup = 2C333C0B204D639800E133CD;
			productRefGroup = 2C333C15204D639800E133CD /* Products */;
			projectDirPath = "";
			projectRoot = "";
			targets = (
				2C333C13204D639800E133CD /* rxMVVMLeo */,
				2CFFB537204DBFDE007A816C /* rxMVVMLeoiOS */,
				2C64AAE620B846A90032E2AA /* rxMVVMLeoToday */,
			);
		};
/* End PBXProject section */

/* Begin PBXResourcesBuildPhase section */
		2C333C12204D639800E133CD /* Resources */ = {
			isa = PBXResourcesBuildPhase;
			buildActionMask = 2147483647;
			files = (
				2CB58E3C2173A5180020A774 /* PF Din Mono.otf in Resources */,
				2C333C1C204D639800E133CD /* Assets.xcassets in Resources */,
				2CB58E3B2173A5150020A774 /* PF Din Mono Bold.otf in Resources */,
				2CB58E3D2173A51A0020A774 /* PF Din Mono Medium.otf in Resources */,
				2C333C1F204D639800E133CD /* Main.storyboard in Resources */,
			);
			runOnlyForDeploymentPostprocessing = 0;
		};
		2C64AAE520B846A90032E2AA /* Resources */ = {
			isa = PBXResourcesBuildPhase;
			buildActionMask = 2147483647;
			files = (
				2C64AAEF20B846A90032E2AA /* TodayViewController.xib in Resources */,
				2C64AAF320B846A90032E2AA /* InfoPlist.strings in Resources */,
			);
			runOnlyForDeploymentPostprocessing = 0;
		};
		2CFFB536204DBFDE007A816C /* Resources */ = {
			isa = PBXResourcesBuildPhase;
			buildActionMask = 2147483647;
			files = (
				2CFFB545204DBFDE007A816C /* LaunchScreen.storyboard in Resources */,
				2CFFB542204DBFDE007A816C /* Assets.xcassets in Resources */,
				2CFFB540204DBFDE007A816C /* Main.storyboard in Resources */,
			);
			runOnlyForDeploymentPostprocessing = 0;
		};
/* End PBXResourcesBuildPhase section */

/* Begin PBXShellScriptBuildPhase section */
		224BC2A077739EDEE5191A18 /* [CP] Check Pods Manifest.lock */ = {
			isa = PBXShellScriptBuildPhase;
			buildActionMask = 2147483647;
			files = (
			);
			inputPaths = (
				"${PODS_PODFILE_DIR_PATH}/Podfile.lock",
				"${PODS_ROOT}/Manifest.lock",
			);
			name = "[CP] Check Pods Manifest.lock";
			outputPaths = (
				"$(DERIVED_FILE_DIR)/Pods-rxMVVMLeoiOS-checkManifestLockResult.txt",
			);
			runOnlyForDeploymentPostprocessing = 0;
			shellPath = /bin/sh;
			shellScript = "diff \"${PODS_PODFILE_DIR_PATH}/Podfile.lock\" \"${PODS_ROOT}/Manifest.lock\" > /dev/null\nif [ $? != 0 ] ; then\n    # print error to STDERR\n    echo \"error: The sandbox is not in sync with the Podfile.lock. Run 'pod install' or update your CocoaPods installation.\" >&2\n    exit 1\nfi\n# This output is used by Xcode 'outputs' to avoid re-running this script phase.\necho \"SUCCESS\" > \"${SCRIPT_OUTPUT_FILE_0}\"\n";
			showEnvVarsInLog = 0;
		};
		6C0489C45B9697CB4F9E1F59 /* [CP] Check Pods Manifest.lock */ = {
			isa = PBXShellScriptBuildPhase;
			buildActionMask = 2147483647;
			files = (
			);
			inputPaths = (
				"${PODS_PODFILE_DIR_PATH}/Podfile.lock",
				"${PODS_ROOT}/Manifest.lock",
			);
			name = "[CP] Check Pods Manifest.lock";
			outputPaths = (
				"$(DERIVED_FILE_DIR)/Pods-rxMVVMLeo-checkManifestLockResult.txt",
			);
			runOnlyForDeploymentPostprocessing = 0;
			shellPath = /bin/sh;
			shellScript = "diff \"${PODS_PODFILE_DIR_PATH}/Podfile.lock\" \"${PODS_ROOT}/Manifest.lock\" > /dev/null\nif [ $? != 0 ] ; then\n    # print error to STDERR\n    echo \"error: The sandbox is not in sync with the Podfile.lock. Run 'pod install' or update your CocoaPods installation.\" >&2\n    exit 1\nfi\n# This output is used by Xcode 'outputs' to avoid re-running this script phase.\necho \"SUCCESS\" > \"${SCRIPT_OUTPUT_FILE_0}\"\n";
			showEnvVarsInLog = 0;
		};
		80ACF7EBE102280F53734ADF /* [CP] Check Pods Manifest.lock */ = {
			isa = PBXShellScriptBuildPhase;
			buildActionMask = 2147483647;
			files = (
			);
			inputPaths = (
				"${PODS_PODFILE_DIR_PATH}/Podfile.lock",
				"${PODS_ROOT}/Manifest.lock",
			);
			name = "[CP] Check Pods Manifest.lock";
			outputPaths = (
				"$(DERIVED_FILE_DIR)/Pods-rxMVVMLeoToday-checkManifestLockResult.txt",
			);
			runOnlyForDeploymentPostprocessing = 0;
			shellPath = /bin/sh;
			shellScript = "diff \"${PODS_PODFILE_DIR_PATH}/Podfile.lock\" \"${PODS_ROOT}/Manifest.lock\" > /dev/null\nif [ $? != 0 ] ; then\n    # print error to STDERR\n    echo \"error: The sandbox is not in sync with the Podfile.lock. Run 'pod install' or update your CocoaPods installation.\" >&2\n    exit 1\nfi\n# This output is used by Xcode 'outputs' to avoid re-running this script phase.\necho \"SUCCESS\" > \"${SCRIPT_OUTPUT_FILE_0}\"\n";
			showEnvVarsInLog = 0;
		};
/* End PBXShellScriptBuildPhase section */

/* Begin PBXSourcesBuildPhase section */
		2C333C10204D639800E133CD /* Sources */ = {
			isa = PBXSourcesBuildPhase;
			buildActionMask = 2147483647;
			files = (
				2C333C1A204D639800E133CD /* LoginViewController.swift in Sources */,
				2CACEED32050512E009A1EEF /* TranslateViewController.swift in Sources */,
				2C765082214662B0002236D7 /* NSTextViewExtension.swift in Sources */,
				2CB58E3121736CAC0020A774 /* User.swift in Sources */,
				2CCC1D8921634E6100713DD7 /* SceneTransitionType.swift in Sources */,
				2CB58E3421736D930020A774 /* MainViewModel.swift in Sources */,
				2CB58E36217399510020A774 /* SendMail.swift in Sources */,
				2C333C2E204D664500E133CD /* LeoAPI.swift in Sources */,
				2CCC1D81216346B600713DD7 /* Scene.swift in Sources */,
				2C1DAECF2057EF7B00B6CFCF /* TranslateViewModel.swift in Sources */,
				2C328406212EF564002B444D /* NSSegmentedConrol+Rx.swift in Sources */,
				2C81C09720AC20F90071E96E /* NSTextView+Rx.swift in Sources */,
				2CCC1D8521634E3B00713DD7 /* SceneCoordinator.swift in Sources */,
				2C333C18204D639800E133CD /* AppDelegate.swift in Sources */,
				2CCC1D8321634E2F00713DD7 /* SceneCoordinatorType.swift in Sources */,
				2C9F5EBD210D9476007DAEF1 /* UrbanAPI.swift in Sources */,
				2C9F5EBB210D9466007DAEF1 /* UrbanAPIProtocol.swift in Sources */,
				2C0101CA2170BAB30062721B /* NSBezierPath.swift in Sources */,
				2C5857B520A3379200C2CA47 /* LeoAPIProtocol.swift in Sources */,
				2C333C2C204D662500E133CD /* LoginViewModel.swift in Sources */,
				2C7636C0215620CB00ED94F3 /* CustomNSTextView.swift in Sources */,
				2C7636BE2154F56C00ED94F3 /* CustomNSTextField.swift in Sources */,
				2CB2875E2164E908003AD64D /* CustomNSSecureTextField.swift in Sources */,
				2CCC1D8721634E5200713DD7 /* Scene+ViewController.swift in Sources */,
			);
			runOnlyForDeploymentPostprocessing = 0;
		};
		2C64AAE320B846A90032E2AA /* Sources */ = {
			isa = PBXSourcesBuildPhase;
			buildActionMask = 2147483647;
			files = (
				2CC6FCB320BD2DFA00885892 /* TodayViewController.swift in Sources */,
				2C1ED3E8212338EC009108DF /* CustomNSTableView.swift in Sources */,
				2C9E74F4210E1275007E429E /* UrbanAPI.swift in Sources */,
				2C7BB01820BD31500083034F /* LeoAPI.swift in Sources */,
				2C328407212EF564002B444D /* NSSegmentedConrol+Rx.swift in Sources */,
				2CC6FCB620BD2E4600885892 /* TranslateViewModel.swift in Sources */,
				2C9E74F5210E1289007E429E /* UrbanAPIProtocol.swift in Sources */,
				2C7BB01920BD31530083034F /* LeoAPIProtocol.swift in Sources */,
				2CB58E3221736CEC0020A774 /* User.swift in Sources */,
				2C7BB01A20BD32B90083034F /* NSTextView+Rx.swift in Sources */,
			);
			runOnlyForDeploymentPostprocessing = 0;
		};
		2CFFB534204DBFDE007A816C /* Sources */ = {
			isa = PBXSourcesBuildPhase;
			buildActionMask = 2147483647;
			files = (
				2C64AAFE20B865BE0032E2AA /* LeoAPIProtocol.swift in Sources */,
				2CBDA05D215928750022F39E /* SceneCoordinatorType.swift in Sources */,
				2CFFB53D204DBFDE007A816C /* LoginViewController.swift in Sources */,
				2CBDA063215928A50022F39E /* SceneTransitionType.swift in Sources */,
				2CBDA061215928960022F39E /* Scene+ViewController.swift in Sources */,
				2CBDA06821593F930022F39E /* BindableType.swift in Sources */,
				2CBDA06C2159421D0022F39E /* LoginViewModel.swift in Sources */,
				2CBDA06621592ED10022F39E /* TranslateViewController.swift in Sources */,
				2C864A08215B861C00C8EB48 /* TranslateTableViewCell.swift in Sources */,
				2CBDA05F215928840022F39E /* SceneCoordinator.swift in Sources */,
				2CBDA06E215942400022F39E /* TranslateViewModel.swift in Sources */,
				2CBDA05B215928650022F39E /* Scene.swift in Sources */,
				2CFFB54B204DC18C007A816C /* LeoAPI.swift in Sources */,
				2CBDA06A215940430022F39E /* UrbanAPI.swift in Sources */,
				2CBDA069215940400022F39E /* UrbanAPIProtocol.swift in Sources */,
				2CFFB53B204DBFDE007A816C /* AppDelegate.swift in Sources */,
			);
			runOnlyForDeploymentPostprocessing = 0;
		};
/* End PBXSourcesBuildPhase section */

/* Begin PBXTargetDependency section */
		2C64AAF620B846A90032E2AA /* PBXTargetDependency */ = {
			isa = PBXTargetDependency;
			target = 2C64AAE620B846A90032E2AA /* rxMVVMLeoToday */;
			targetProxy = 2C64AAF520B846A90032E2AA /* PBXContainerItemProxy */;
		};
/* End PBXTargetDependency section */

/* Begin PBXVariantGroup section */
		2C333C1D204D639800E133CD /* Main.storyboard */ = {
			isa = PBXVariantGroup;
			children = (
				2C333C1E204D639800E133CD /* Base */,
			);
			name = Main.storyboard;
			sourceTree = "<group>";
		};
		2C64AAED20B846A90032E2AA /* TodayViewController.xib */ = {
			isa = PBXVariantGroup;
			children = (
				2C64AAEE20B846A90032E2AA /* Base */,
			);
			name = TodayViewController.xib;
			sourceTree = "<group>";
		};
		2C64AAF120B846A90032E2AA /* InfoPlist.strings */ = {
			isa = PBXVariantGroup;
			children = (
				2C64AAF220B846A90032E2AA /* en */,
			);
			name = InfoPlist.strings;
			sourceTree = "<group>";
		};
		2CFFB53E204DBFDE007A816C /* Main.storyboard */ = {
			isa = PBXVariantGroup;
			children = (
				2CFFB53F204DBFDE007A816C /* Base */,
			);
			name = Main.storyboard;
			sourceTree = "<group>";
		};
		2CFFB543204DBFDE007A816C /* LaunchScreen.storyboard */ = {
			isa = PBXVariantGroup;
			children = (
				2CFFB544204DBFDE007A816C /* Base */,
			);
			name = LaunchScreen.storyboard;
			sourceTree = "<group>";
		};
/* End PBXVariantGroup section */

/* Begin XCBuildConfiguration section */
		2C333C22204D639800E133CD /* Debug */ = {
			isa = XCBuildConfiguration;
			buildSettings = {
				ALWAYS_SEARCH_USER_PATHS = NO;
				CLANG_ANALYZER_NONNULL = YES;
				CLANG_ANALYZER_NUMBER_OBJECT_CONVERSION = YES_AGGRESSIVE;
				CLANG_CXX_LANGUAGE_STANDARD = "gnu++14";
				CLANG_CXX_LIBRARY = "libc++";
				CLANG_ENABLE_MODULES = YES;
				CLANG_ENABLE_OBJC_ARC = YES;
				CLANG_WARN_BLOCK_CAPTURE_AUTORELEASING = YES;
				CLANG_WARN_BOOL_CONVERSION = YES;
				CLANG_WARN_COMMA = YES;
				CLANG_WARN_CONSTANT_CONVERSION = YES;
				CLANG_WARN_DIRECT_OBJC_ISA_USAGE = YES_ERROR;
				CLANG_WARN_DOCUMENTATION_COMMENTS = YES;
				CLANG_WARN_EMPTY_BODY = YES;
				CLANG_WARN_ENUM_CONVERSION = YES;
				CLANG_WARN_INFINITE_RECURSION = YES;
				CLANG_WARN_INT_CONVERSION = YES;
				CLANG_WARN_NON_LITERAL_NULL_CONVERSION = YES;
				CLANG_WARN_OBJC_LITERAL_CONVERSION = YES;
				CLANG_WARN_OBJC_ROOT_CLASS = YES_ERROR;
				CLANG_WARN_RANGE_LOOP_ANALYSIS = YES;
				CLANG_WARN_STRICT_PROTOTYPES = YES;
				CLANG_WARN_SUSPICIOUS_MOVE = YES;
				CLANG_WARN_UNGUARDED_AVAILABILITY = YES_AGGRESSIVE;
				CLANG_WARN_UNREACHABLE_CODE = YES;
				CLANG_WARN__DUPLICATE_METHOD_MATCH = YES;
				CODE_SIGN_IDENTITY = "Mac Developer";
				COPY_PHASE_STRIP = NO;
				DEBUG_INFORMATION_FORMAT = dwarf;
				ENABLE_STRICT_OBJC_MSGSEND = YES;
				ENABLE_TESTABILITY = YES;
				GCC_C_LANGUAGE_STANDARD = gnu11;
				GCC_DYNAMIC_NO_PIC = NO;
				GCC_NO_COMMON_BLOCKS = YES;
				GCC_OPTIMIZATION_LEVEL = 0;
				GCC_PREPROCESSOR_DEFINITIONS = (
					"DEBUG=1",
					"$(inherited)",
				);
				GCC_WARN_64_TO_32_BIT_CONVERSION = YES;
				GCC_WARN_ABOUT_RETURN_TYPE = YES_ERROR;
				GCC_WARN_UNDECLARED_SELECTOR = YES;
				GCC_WARN_UNINITIALIZED_AUTOS = YES_AGGRESSIVE;
				GCC_WARN_UNUSED_FUNCTION = YES;
				GCC_WARN_UNUSED_VARIABLE = YES;
				MACOSX_DEPLOYMENT_TARGET = 10.12;
				MTL_ENABLE_DEBUG_INFO = YES;
				ONLY_ACTIVE_ARCH = YES;
				SDKROOT = macosx;
				SWIFT_ACTIVE_COMPILATION_CONDITIONS = DEBUG;
				SWIFT_OPTIMIZATION_LEVEL = "-Onone";
			};
			name = Debug;
		};
		2C333C23204D639800E133CD /* Release */ = {
			isa = XCBuildConfiguration;
			buildSettings = {
				ALWAYS_SEARCH_USER_PATHS = NO;
				CLANG_ANALYZER_NONNULL = YES;
				CLANG_ANALYZER_NUMBER_OBJECT_CONVERSION = YES_AGGRESSIVE;
				CLANG_CXX_LANGUAGE_STANDARD = "gnu++14";
				CLANG_CXX_LIBRARY = "libc++";
				CLANG_ENABLE_MODULES = YES;
				CLANG_ENABLE_OBJC_ARC = YES;
				CLANG_WARN_BLOCK_CAPTURE_AUTORELEASING = YES;
				CLANG_WARN_BOOL_CONVERSION = YES;
				CLANG_WARN_COMMA = YES;
				CLANG_WARN_CONSTANT_CONVERSION = YES;
				CLANG_WARN_DIRECT_OBJC_ISA_USAGE = YES_ERROR;
				CLANG_WARN_DOCUMENTATION_COMMENTS = YES;
				CLANG_WARN_EMPTY_BODY = YES;
				CLANG_WARN_ENUM_CONVERSION = YES;
				CLANG_WARN_INFINITE_RECURSION = YES;
				CLANG_WARN_INT_CONVERSION = YES;
				CLANG_WARN_NON_LITERAL_NULL_CONVERSION = YES;
				CLANG_WARN_OBJC_LITERAL_CONVERSION = YES;
				CLANG_WARN_OBJC_ROOT_CLASS = YES_ERROR;
				CLANG_WARN_RANGE_LOOP_ANALYSIS = YES;
				CLANG_WARN_STRICT_PROTOTYPES = YES;
				CLANG_WARN_SUSPICIOUS_MOVE = YES;
				CLANG_WARN_UNGUARDED_AVAILABILITY = YES_AGGRESSIVE;
				CLANG_WARN_UNREACHABLE_CODE = YES;
				CLANG_WARN__DUPLICATE_METHOD_MATCH = YES;
				CODE_SIGN_IDENTITY = "Mac Developer";
				COPY_PHASE_STRIP = NO;
				DEBUG_INFORMATION_FORMAT = "dwarf-with-dsym";
				ENABLE_NS_ASSERTIONS = NO;
				ENABLE_STRICT_OBJC_MSGSEND = YES;
				GCC_C_LANGUAGE_STANDARD = gnu11;
				GCC_NO_COMMON_BLOCKS = YES;
				GCC_WARN_64_TO_32_BIT_CONVERSION = YES;
				GCC_WARN_ABOUT_RETURN_TYPE = YES_ERROR;
				GCC_WARN_UNDECLARED_SELECTOR = YES;
				GCC_WARN_UNINITIALIZED_AUTOS = YES_AGGRESSIVE;
				GCC_WARN_UNUSED_FUNCTION = YES;
				GCC_WARN_UNUSED_VARIABLE = YES;
				MACOSX_DEPLOYMENT_TARGET = 10.12;
				MTL_ENABLE_DEBUG_INFO = NO;
				SDKROOT = macosx;
				SWIFT_OPTIMIZATION_LEVEL = "-Owholemodule";
			};
			name = Release;
		};
		2C333C25204D639800E133CD /* Debug */ = {
			isa = XCBuildConfiguration;
			baseConfigurationReference = 9B586A8A232C7D65D18D6E8F /* Pods-rxMVVMLeo.debug.xcconfig */;
			buildSettings = {
				ALWAYS_EMBED_SWIFT_STANDARD_LIBRARIES = YES;
				ASSETCATALOG_COMPILER_APPICON_NAME = AppIcon;
				"CODE_SIGN_ENTITLEMENTS[sdk=*]" = "rxMVVMLeo/Supporting Files/rxMVVMLeo.entitlements";
				CODE_SIGN_IDENTITY = "Mac Developer";
				CODE_SIGN_STYLE = Automatic;
				COMBINE_HIDPI_IMAGES = YES;
				DEVELOPMENT_TEAM = Y9G5U4WZMN;
				INFOPLIST_FILE = "rxMVVMLeo/Supporting Files/Info.plist";
				LD_RUNPATH_SEARCH_PATHS = "$(inherited) @executable_path/../Frameworks";
				MACOSX_DEPLOYMENT_TARGET = 10.12;
				PRODUCT_BUNDLE_IDENTIFIER = "com.ivan-lebedev.rxMVVMLeo";
				PRODUCT_NAME = "$(TARGET_NAME)";
				PROVISIONING_PROFILE_SPECIFIER = "";
				SWIFT_VERSION = 4.0;
			};
			name = Debug;
		};
		2C333C26204D639800E133CD /* Release */ = {
			isa = XCBuildConfiguration;
			baseConfigurationReference = E7CCA9DF330856B06F0BE9A9 /* Pods-rxMVVMLeo.release.xcconfig */;
			buildSettings = {
				ALWAYS_EMBED_SWIFT_STANDARD_LIBRARIES = YES;
				ASSETCATALOG_COMPILER_APPICON_NAME = AppIcon;
				CODE_SIGN_IDENTITY = "Mac Developer";
				CODE_SIGN_STYLE = Automatic;
				COMBINE_HIDPI_IMAGES = YES;
				DEVELOPMENT_TEAM = Y9G5U4WZMN;
				INFOPLIST_FILE = "rxMVVMLeo/Supporting Files/Info.plist";
				LD_RUNPATH_SEARCH_PATHS = "$(inherited) @executable_path/../Frameworks";
				MACOSX_DEPLOYMENT_TARGET = 10.12;
				PRODUCT_BUNDLE_IDENTIFIER = "com.ivan-lebedev.rxMVVMLeo";
				PRODUCT_NAME = "$(TARGET_NAME)";
				PROVISIONING_PROFILE_SPECIFIER = "";
				SWIFT_VERSION = 4.0;
			};
			name = Release;
		};
		2C64AAF920B846A90032E2AA /* Debug */ = {
			isa = XCBuildConfiguration;
			baseConfigurationReference = 0DC1891712A1F013C92C2477 /* Pods-rxMVVMLeoToday.debug.xcconfig */;
			buildSettings = {
				CODE_SIGN_ENTITLEMENTS = rxMVVMLeoToday/rxMVVMLeoToday.entitlements;
				CODE_SIGN_IDENTITY = "Mac Developer";
				CODE_SIGN_STYLE = Automatic;
				COMBINE_HIDPI_IMAGES = YES;
				DEVELOPMENT_TEAM = Y9G5U4WZMN;
				INFOPLIST_FILE = rxMVVMLeoToday/Info.plist;
				LD_RUNPATH_SEARCH_PATHS = "$(inherited) @executable_path/../Frameworks @executable_path/../../../../Frameworks";
				MACOSX_DEPLOYMENT_TARGET = 10.11;
				PRODUCT_BUNDLE_IDENTIFIER = "com.ivan-lebedev.rxMVVMLeo.rxMVVMLeoToday";
				PRODUCT_NAME = "$(TARGET_NAME)";
				SKIP_INSTALL = YES;
				SWIFT_VERSION = 4.0;
			};
			name = Debug;
		};
		2C64AAFA20B846A90032E2AA /* Release */ = {
			isa = XCBuildConfiguration;
			baseConfigurationReference = AFB97AB96A76B04FB245C47A /* Pods-rxMVVMLeoToday.release.xcconfig */;
			buildSettings = {
				CODE_SIGN_ENTITLEMENTS = rxMVVMLeoToday/rxMVVMLeoToday.entitlements;
				CODE_SIGN_IDENTITY = "Mac Developer";
				CODE_SIGN_STYLE = Automatic;
				COMBINE_HIDPI_IMAGES = YES;
				DEVELOPMENT_TEAM = Y9G5U4WZMN;
				INFOPLIST_FILE = rxMVVMLeoToday/Info.plist;
				LD_RUNPATH_SEARCH_PATHS = "$(inherited) @executable_path/../Frameworks @executable_path/../../../../Frameworks";
				MACOSX_DEPLOYMENT_TARGET = 10.11;
				PRODUCT_BUNDLE_IDENTIFIER = "com.ivan-lebedev.rxMVVMLeo.rxMVVMLeoToday";
				PRODUCT_NAME = "$(TARGET_NAME)";
				SKIP_INSTALL = YES;
				SWIFT_VERSION = 4.0;
			};
			name = Release;
		};
		2CFFB548204DBFDE007A816C /* Debug */ = {
			isa = XCBuildConfiguration;
			baseConfigurationReference = A4070F47096ADEF00DA6CC7B /* Pods-rxMVVMLeoiOS.debug.xcconfig */;
			buildSettings = {
				ASSETCATALOG_COMPILER_APPICON_NAME = AppIcon;
				CODE_SIGN_IDENTITY = "iPhone Developer";
				CODE_SIGN_STYLE = Automatic;
				DEVELOPMENT_TEAM = Y9G5U4WZMN;
				INFOPLIST_FILE = rxMVVMLeoiOS/Info.plist;
				IPHONEOS_DEPLOYMENT_TARGET = 10.0;
				LD_RUNPATH_SEARCH_PATHS = "$(inherited) @executable_path/Frameworks";
				PRODUCT_BUNDLE_IDENTIFIER = "com.ivan-lebedev.rxMVVMLeoiOS";
				PRODUCT_NAME = "$(TARGET_NAME)";
				SDKROOT = iphoneos;
				SWIFT_VERSION = 4.0;
				TARGETED_DEVICE_FAMILY = "1,2";
			};
			name = Debug;
		};
		2CFFB549204DBFDE007A816C /* Release */ = {
			isa = XCBuildConfiguration;
			baseConfigurationReference = 46C041E4D68A4B54A716B86B /* Pods-rxMVVMLeoiOS.release.xcconfig */;
			buildSettings = {
				ASSETCATALOG_COMPILER_APPICON_NAME = AppIcon;
				CODE_SIGN_IDENTITY = "iPhone Developer";
				CODE_SIGN_STYLE = Automatic;
				DEVELOPMENT_TEAM = Y9G5U4WZMN;
				INFOPLIST_FILE = rxMVVMLeoiOS/Info.plist;
				IPHONEOS_DEPLOYMENT_TARGET = 10.0;
				LD_RUNPATH_SEARCH_PATHS = "$(inherited) @executable_path/Frameworks";
				PRODUCT_BUNDLE_IDENTIFIER = "com.ivan-lebedev.rxMVVMLeoiOS";
				PRODUCT_NAME = "$(TARGET_NAME)";
				SDKROOT = iphoneos;
				SWIFT_VERSION = 4.0;
				TARGETED_DEVICE_FAMILY = "1,2";
				VALIDATE_PRODUCT = YES;
			};
			name = Release;
		};
/* End XCBuildConfiguration section */

/* Begin XCConfigurationList section */
		2C333C0F204D639800E133CD /* Build configuration list for PBXProject "rxMVVMLeo" */ = {
			isa = XCConfigurationList;
			buildConfigurations = (
				2C333C22204D639800E133CD /* Debug */,
				2C333C23204D639800E133CD /* Release */,
			);
			defaultConfigurationIsVisible = 0;
			defaultConfigurationName = Release;
		};
		2C333C24204D639800E133CD /* Build configuration list for PBXNativeTarget "rxMVVMLeo" */ = {
			isa = XCConfigurationList;
			buildConfigurations = (
				2C333C25204D639800E133CD /* Debug */,
				2C333C26204D639800E133CD /* Release */,
			);
			defaultConfigurationIsVisible = 0;
			defaultConfigurationName = Release;
		};
		2C64AAF820B846A90032E2AA /* Build configuration list for PBXNativeTarget "rxMVVMLeoToday" */ = {
			isa = XCConfigurationList;
			buildConfigurations = (
				2C64AAF920B846A90032E2AA /* Debug */,
				2C64AAFA20B846A90032E2AA /* Release */,
			);
			defaultConfigurationIsVisible = 0;
			defaultConfigurationName = Release;
		};
		2CFFB547204DBFDE007A816C /* Build configuration list for PBXNativeTarget "rxMVVMLeoiOS" */ = {
			isa = XCConfigurationList;
			buildConfigurations = (
				2CFFB548204DBFDE007A816C /* Debug */,
				2CFFB549204DBFDE007A816C /* Release */,
			);
			defaultConfigurationIsVisible = 0;
			defaultConfigurationName = Release;
		};
/* End XCConfigurationList section */
	};
	rootObject = 2C333C0C204D639800E133CD /* Project object */;
}
